{
  "nodes": {
    "home-manager": {
      "inputs": {
        "nixpkgs": [
          "nixpkgs"
        ]
      },
      "locked": {
        "lastModified": 1685108129,
        "narHash": "sha256-6Jv6LxrLfaueHj095oBUKBk++eW4Ya0qfHwhQVQqyoo=",
        "owner": "nix-community",
        "repo": "home-manager",
        "rev": "bec196cd9b5f34213c7dc90ef2a524336df70e30",
        "type": "github"
      },
      "original": {
        "owner": "nix-community",
        "repo": "home-manager",
        "type": "github"
      }
    },
    "nixUnstable": {
      "locked": {
        "lastModified": 1684935479,
        "narHash": "sha256-6QMMsXMr2nhmOPHdti2j3KRHt+bai2zw+LJfdCl97Mk=",
        "owner": "NixOS",
        "repo": "nixpkgs",
        "rev": "f91ee3065de91a3531329a674a45ddcb3467a650",
        "type": "github"
      },
      "original": {
        "owner": "NixOS",
        "ref": "nixos-unstable",
        "repo": "nixpkgs",
        "type": "github"
      }
    },
    "nixpkgs": {
      "locked": {
        "lastModified": 1685004253,
        "narHash": "sha256-AbVL1nN/TDicUQ5wXZ8xdLERxz/eJr7+o8lqkIOVuaE=",
        "owner": "NixOS",
        "repo": "nixpkgs",
        "rev": "3e01645c40b92d29f3ae76344a6d654986a91a91",
        "type": "github"
      },
      "original": {
        "owner": "NixOS",
        "ref": "nixos-23.05",
        "repo": "nixpkgs",
        "type": "github"
      }
    },
    "root": {
      "inputs": {
        "home-manager": "home-manager",
        "nixUnstable": "nixUnstable",
        "nixpkgs": "nixpkgs"
      }
    }
  },
  "root": "root",
  "version": 7
}
